
Microsoft Visual Studio Solution File, Format Version 12.00
# Visual Studio 15
VisualStudioVersion = 15.0.28307.1300
MinimumVisualStudioVersion = 10.0.40219.1
Project("{8BC9CEB8-8B4A-11D0-8D11-00A0C91BC942}") = "21-2-15", "21-2-15\21-2-15.vcxproj", "{AF53C842-D7A1-4D04-90DC-4BFBE8BA2D98}"
EndProject
Global
	GlobalSection(SolutionConfigurationPlatforms) = preSolution
		Debug|x64 = Debug|x64
		Debug|x86 = Debug|x86
		Release|x64 = Release|x64
		Release|x86 = Release|x86
	EndGlobalSection
	GlobalSection(ProjectConfigurationPlatforms) = postSolution
		{AF53C842-D7A1-4D04-90DC-4BFBE8BA2D98}.Debug|x64.ActiveCfg = Debug|x64
		{AF53C842-D7A1-4D04-90DC-4BFBE8BA2D98}.Debug|x64.Build.0 = Debug|x64
		{AF53C842-D7A1-4D04-90DC-4BFBE8BA2D98}.Debug|x86.ActiveCfg = Debug|Win32
		{AF53C842-D7A1-4D04-90DC-4BFBE8BA2D98}.Debug|x86.Build.0 = Debug|Win32
		{AF53C842-D7A1-4D04-90DC-4BFBE8BA2D98}.Release|x64.ActiveCfg = Release|x64
		{AF53C842-D7A1-4D04-90DC-4BFBE8BA2D98}.Release|x64.Build.0 = Release|x64
		{AF53C842-D7A1-4D04-90DC-4BFBE8BA2D98}.Release|x86.ActiveCfg = Release|Win32
		{AF53C842-D7A1-4D04-90DC-4BFBE8BA2D98}.Release|x86.Build.0 = Release|Win32
	EndGlobalSection
	GlobalSection(SolutionProperties) = preSolution
		HideSolutionNode = FALSE
	EndGlobalSection
	GlobalSection(ExtensibilityGlobals) = postSolution
		SolutionGuid = {D0A9E1CA-BFEF-42E0-893A-87AE66938F56}
	EndGlobalSection
EndGlobal
